
Microsoft Visual Studio Solution File, Format Version 12.00
# Visual Studio Version 17
VisualStudioVersion = 17.8.34330.188
MinimumVisualStudioVersion = 10.0.40219.1
Project("{FAE04EC0-301F-11D3-BF4B-00C04F79EFBC}") = "Lesson30", "Lesson30.csproj", "{10D1F089-C321-4230-90DA-0A25A8849DED}"
EndProject
Global
	GlobalSection(SolutionConfigurationPlatforms) = preSolution
		Debug|Any CPU = Debug|Any CPU
		Release|Any CPU = Release|Any CPU
	EndGlobalSection
	GlobalSection(ProjectConfigurationPlatforms) = postSolution
		{10D1F089-C321-4230-90DA-0A25A8849DED}.Debug|Any CPU.ActiveCfg = Debug|Any CPU
		{10D1F089-C321-4230-90DA-0A25A8849DED}.Debug|Any CPU.Build.0 = Debug|Any CPU
		{10D1F089-C321-4230-90DA-0A25A8849DED}.Release|Any CPU.ActiveCfg = Release|Any CPU
		{10D1F089-C321-4230-90DA-0A25A8849DED}.Release|Any CPU.Build.0 = Release|Any CPU
	EndGlobalSection
	GlobalSection(SolutionProperties) = preSolution
		HideSolutionNode = FALSE
	EndGlobalSection
	GlobalSection(ExtensibilityGlobals) = postSolution
		SolutionGuid = {BB8C8B14-BB8D-41E1-8CE6-98CE771A52A4}
	EndGlobalSection
EndGlobal
